
Microsoft Visual Studio Solution File, Format Version 11.00
# Visual Studio 2010
Project("{FAE04EC0-301F-11D3-BF4B-00C04F79EFBC}") = "JsBridgeExample", "JsBridgeExample\JsBridgeExample.csproj", "{CBA08DFE-33BC-4895-8A9D-C2449B755DD9}"
EndProject
Project("{FAE04EC0-301F-11D3-BF4B-00C04F79EFBC}") = "JsBridge", "JsBridge\JsBridge.csproj", "{63EEEE1D-B4F4-499E-872D-0AFB51AC5E8B}"
EndProject
Global
	GlobalSection(SolutionConfigurationPlatforms) = preSolution
		Debug|iPhoneSimulator = Debug|iPhoneSimulator
		Release|iPhoneSimulator = Release|iPhoneSimulator
		Debug|iPhone = Debug|iPhone
		Release|iPhone = Release|iPhone
	EndGlobalSection
	GlobalSection(ProjectConfigurationPlatforms) = postSolution
		{63EEEE1D-B4F4-499E-872D-0AFB51AC5E8B}.Debug|iPhone.ActiveCfg = Debug|Any CPU
		{63EEEE1D-B4F4-499E-872D-0AFB51AC5E8B}.Debug|iPhone.Build.0 = Debug|Any CPU
		{63EEEE1D-B4F4-499E-872D-0AFB51AC5E8B}.Debug|iPhoneSimulator.ActiveCfg = Debug|Any CPU
		{63EEEE1D-B4F4-499E-872D-0AFB51AC5E8B}.Debug|iPhoneSimulator.Build.0 = Debug|Any CPU
		{63EEEE1D-B4F4-499E-872D-0AFB51AC5E8B}.Release|iPhone.ActiveCfg = Release|Any CPU
		{63EEEE1D-B4F4-499E-872D-0AFB51AC5E8B}.Release|iPhone.Build.0 = Release|Any CPU
		{63EEEE1D-B4F4-499E-872D-0AFB51AC5E8B}.Release|iPhoneSimulator.ActiveCfg = Release|Any CPU
		{63EEEE1D-B4F4-499E-872D-0AFB51AC5E8B}.Release|iPhoneSimulator.Build.0 = Release|Any CPU
		{CBA08DFE-33BC-4895-8A9D-C2449B755DD9}.Debug|iPhone.ActiveCfg = Debug|iPhone
		{CBA08DFE-33BC-4895-8A9D-C2449B755DD9}.Debug|iPhone.Build.0 = Debug|iPhone
		{CBA08DFE-33BC-4895-8A9D-C2449B755DD9}.Debug|iPhoneSimulator.ActiveCfg = Debug|iPhoneSimulator
		{CBA08DFE-33BC-4895-8A9D-C2449B755DD9}.Debug|iPhoneSimulator.Build.0 = Debug|iPhoneSimulator
		{CBA08DFE-33BC-4895-8A9D-C2449B755DD9}.Release|iPhone.ActiveCfg = Release|iPhone
		{CBA08DFE-33BC-4895-8A9D-C2449B755DD9}.Release|iPhone.Build.0 = Release|iPhone
		{CBA08DFE-33BC-4895-8A9D-C2449B755DD9}.Release|iPhoneSimulator.ActiveCfg = Release|iPhoneSimulator
		{CBA08DFE-33BC-4895-8A9D-C2449B755DD9}.Release|iPhoneSimulator.Build.0 = Release|iPhoneSimulator
	EndGlobalSection
	GlobalSection(MonoDevelopProperties) = preSolution
		StartupItem = JsBridgeExample\JsBridgeExample.csproj
		Policies = $0
		$0.TextStylePolicy = $1
		$1.inheritsSet = null
		$1.scope = text/x-csharp
		$0.CSharpFormattingPolicy = $2
		$2.inheritsSet = Mono
		$2.inheritsScope = text/x-csharp
		$2.scope = text/x-csharp
		$0.TextStylePolicy = $3
		$3.FileWidth = 120
		$3.inheritsSet = VisualStudio
		$3.inheritsScope = text/plain
		$3.scope = text/plain
		$0.TextStylePolicy = $4
		$4.inheritsSet = null
		$4.scope = text/html
	EndGlobalSection
EndGlobal
